// !$*UTF8*$!
{
	archiveVersion = 1;
	classes = {
	};
	objectVersion = 55;
	objects = {

/* Begin PBXBuildFile section */
		26AD9F0A28E3E4570017E297 /* AppDelegate.swift in Sources */ = {isa = PBXBuildFile; fileRef = 26AD9F0928E3E4570017E297 /* AppDelegate.swift */; };
		26AD9F0C28E3E4570017E297 /* SceneDelegate.swift in Sources */ = {isa = PBXBuildFile; fileRef = 26AD9F0B28E3E4570017E297 /* SceneDelegate.swift */; };
		26AD9F0E28E3E4570017E297 /* ViewController.swift in Sources */ = {isa = PBXBuildFile; fileRef = 26AD9F0D28E3E4570017E297 /* ViewController.swift */; };
		26AD9F1128E3E4570017E297 /* Main.storyboard in Resources */ = {isa = PBXBuildFile; fileRef = 26AD9F0F28E3E4570017E297 /* Main.storyboard */; };
		26AD9F1328E3E4580017E297 /* Assets.xcassets in Resources */ = {isa = PBXBuildFile; fileRef = 26AD9F1228E3E4580017E297 /* Assets.xcassets */; };
		26AD9F1628E3E4580017E297 /* LaunchScreen.storyboard in Resources */ = {isa = PBXBuildFile; fileRef = 26AD9F1428E3E4580017E297 /* LaunchScreen.storyboard */; };
		26AD9F2128E3E4580017E297 /* testTests.swift in Sources */ = {isa = PBXBuildFile; fileRef = 26AD9F2028E3E4580017E297 /* testTests.swift */; };
		26AD9F2B28E3E4580017E297 /* testUITests.swift in Sources */ = {isa = PBXBuildFile; fileRef = 26AD9F2A28E3E4580017E297 /* testUITests.swift */; };
		26AD9F2D28E3E4580017E297 /* testUITestsLaunchTests.swift in Sources */ = {isa = PBXBuildFile; fileRef = 26AD9F2C28E3E4580017E297 /* testUITestsLaunchTests.swift */; };
/* End PBXBuildFile section */

/* Begin PBXContainerItemProxy section */
		26AD9F1D28E3E4580017E297 /* PBXContainerItemProxy */ = {
			isa = PBXContainerItemProxy;
			containerPortal = 26AD9EFE28E3E4570017E297 /* Project object */;
			proxyType = 1;
			remoteGlobalIDString = 26AD9F0528E3E4570017E297;
			remoteInfo = test;
		};
		26AD9F2728E3E4580017E297 /* PBXContainerItemProxy */ = {
			isa = PBXContainerItemProxy;
			containerPortal = 26AD9EFE28E3E4570017E297 /* Project object */;
			proxyType = 1;
			remoteGlobalIDString = 26AD9F0528E3E4570017E297;
			remoteInfo = test;
		};
/* End PBXContainerItemProxy section */

/* Begin PBXFileReference section */
		26AD9F0628E3E4570017E297 /* test.app */ = {isa = PBXFileReference; explicitFileType = wrapper.application; includeInIndex = 0; path = test.app; sourceTree = BUILT_PRODUCTS_DIR; };
		26AD9F0928E3E4570017E297 /* AppDelegate.swift */ = {isa = PBXFileReference; lastKnownFileType = sourcecode.swift; path = AppDelegate.swift; sourceTree = "<group>"; };
		26AD9F0B28E3E4570017E297 /* SceneDelegate.swift */ = {isa = PBXFileReference; lastKnownFileType = sourcecode.swift; path = SceneDelegate.swift; sourceTree = "<group>"; };
		26AD9F0D28E3E4570017E297 /* ViewController.swift */ = {isa = PBXFileReference; lastKnownFileType = sourcecode.swift; path = ViewController.swift; sourceTree = "<group>"; };
		26AD9F1028E3E4570017E297 /* Base */ = {isa = PBXFileReference; lastKnownFileType = file.storyboard; name = Base; path = Base.lproj/Main.storyboard; sourceTree = "<group>"; };
		26AD9F1228E3E4580017E297 /* Assets.xcassets */ = {isa = PBXFileReference; lastKnownFileType = folder.assetcatalog; path = Assets.xcassets; sourceTree = "<group>"; };
		26AD9F1528E3E4580017E297 /* Base */ = {isa = PBXFileReference; lastKnownFileType = file.storyboard; name = Base; path = Base.lproj/LaunchScreen.storyboard; sourceTree = "<group>"; };
		26AD9F1728E3E4580017E297 /* Info.plist */ = {isa = PBXFileReference; lastKnownFileType = text.plist.xml; path = Info.plist; sourceTree = "<group>"; };
		26AD9F1C28E3E4580017E297 /* testTests.xctest */ = {isa = PBXFileReference; explicitFileType = wrapper.cfbundle; includeInIndex = 0; path = testTests.xctest; sourceTree = BUILT_PRODUCTS_DIR; };
		26AD9F2028E3E4580017E297 /* testTests.swift */ = {isa = PBXFileReference; lastKnownFileType = sourcecode.swift; path = testTests.swift; sourceTree = "<group>"; };
		26AD9F2628E3E4580017E297 /* testUITests.xctest */ = {isa = PBXFileReference; explicitFileType = wrapper.cfbundle; includeInIndex = 0; path = testUITests.xctest; sourceTree = BUILT_PRODUCTS_DIR; };
		26AD9F2A28E3E4580017E297 /* testUITests.swift */ = {isa = PBXFileReference; lastKnownFileType = sourcecode.swift; path = testUITests.swift; sourceTree = "<group>"; };
		26AD9F2C28E3E4580017E297 /* testUITestsLaunchTests.swift */ = {isa = PBXFileReference; lastKnownFileType = sourcecode.swift; path = testUITestsLaunchTests.swift; sourceTree = "<group>"; };
/* End PBXFileReference section */

/* Begin PBXFrameworksBuildPhase section */
		26AD9F0328E3E4570017E297 /* Frameworks */ = {
			isa = PBXFrameworksBuildPhase;
			buildActionMask = 2147483647;
			files = (
			);
			runOnlyForDeploymentPostprocessing = 0;
		};
		26AD9F1928E3E4580017E297 /* Frameworks */ = {
			isa = PBXFrameworksBuildPhase;
			buildActionMask = 2147483647;
			files = (
			);
			runOnlyForDeploymentPostprocessing = 0;
		};
		26AD9F2328E3E4580017E297 /* Frameworks */ = {
			isa = PBXFrameworksBuildPhase;
			buildActionMask = 2147483647;
			files = (
			);
			runOnlyForDeploymentPostprocessing = 0;
		};
/* End PBXFrameworksBuildPhase section */

/* Begin PBXGroup section */
		26AD9EFD28E3E4570017E297 = {
			isa = PBXGroup;
			children = (
				26AD9F0828E3E4570017E297 /* test */,
				26AD9F1F28E3E4580017E297 /* testTests */,
				26AD9F2928E3E4580017E297 /* testUITests */,
				26AD9F0728E3E4570017E297 /* Products */,
			);
			sourceTree = "<group>";
		};
		26AD9F0728E3E4570017E297 /* Products */ = {
			isa = PBXGroup;
			children = (
				26AD9F0628E3E4570017E297 /* test.app */,
				26AD9F1C28E3E4580017E297 /* testTests.xctest */,
				26AD9F2628E3E4580017E297 /* testUITests.xctest */,
			);
			name = Products;
			sourceTree = "<group>";
		};
		26AD9F0828E3E4570017E297 /* test */ = {
			isa = PBXGroup;
			children = (
				26AD9F0928E3E4570017E297 /* AppDelegate.swift */,
				26AD9F0B28E3E4570017E297 /* SceneDelegate.swift */,
				26AD9F0D28E3E4570017E297 /* ViewController.swift */,
				26AD9F0F28E3E4570017E297 /* Main.storyboard */,
				26AD9F1228E3E4580017E297 /* Assets.xcassets */,
				26AD9F1428E3E4580017E297 /* LaunchScreen.storyboard */,
				26AD9F1728E3E4580017E297 /* Info.plist */,
			);
			path = test;
			sourceTree = "<group>";
		};
		26AD9F1F28E3E4580017E297 /* testTests */ = {
			isa = PBXGroup;
			children = (
				26AD9F2028E3E4580017E297 /* testTests.swift */,
			);
			path = testTests;
			sourceTree = "<group>";
		};
		26AD9F2928E3E4580017E297 /* testUITests */ = {
			isa = PBXGroup;
			children = (
				26AD9F2A28E3E4580017E297 /* testUITests.swift */,
				26AD9F2C28E3E4580017E297 /* testUITestsLaunchTests.swift */,
			);
			path = testUITests;
			sourceTree = "<group>";
		};
/* End PBXGroup section */

/* Begin PBXNativeTarget section */
		26AD9F0528E3E4570017E297 /* test */ = {
			isa = PBXNativeTarget;
			buildConfigurationList = 26AD9F3028E3E4580017E297 /* Build configuration list for PBXNativeTarget "test" */;
			buildPhases = (
				26AD9F0228E3E4570017E297 /* Sources */,
				26AD9F0328E3E4570017E297 /* Frameworks */,
				26AD9F0428E3E4570017E297 /* Resources */,
			);
			buildRules = (
			);
			dependencies = (
			);
			name = test;
			productName = test;
			productReference = 26AD9F0628E3E4570017E297 /* test.app */;
			productType = "com.apple.product-type.application";
		};
		26AD9F1B28E3E4580017E297 /* testTests */ = {
			isa = PBXNativeTarget;
			buildConfigurationList = 26AD9F3328E3E4580017E297 /* Build configuration list for PBXNativeTarget "testTests" */;
			buildPhases = (
				26AD9F1828E3E4580017E297 /* Sources */,
				26AD9F1928E3E4580017E297 /* Frameworks */,
				26AD9F1A28E3E4580017E297 /* Resources */,
			);
			buildRules = (
			);
			dependencies = (
				26AD9F1E28E3E4580017E297 /* PBXTargetDependency */,
			);
			name = testTests;
			productName = testTests;
			productReference = 26AD9F1C28E3E4580017E297 /* testTests.xctest */;
			productType = "com.apple.product-type.bundle.unit-test";
		};
		26AD9F2528E3E4580017E297 /* testUITests */ = {
			isa = PBXNativeTarget;
			buildConfigurationList = 26AD9F3628E3E4580017E297 /* Build configuration list for PBXNativeTarget "testUITests" */;
			buildPhases = (
				26AD9F2228E3E4580017E297 /* Sources */,
				26AD9F2328E3E4580017E297 /* Frameworks */,
				26AD9F2428E3E4580017E297 /* Resources */,
			);
			buildRules = (
			);
			dependencies = (
				26AD9F2828E3E4580017E297 /* PBXTargetDependency */,
			);
			name = testUITests;
			productName = testUITests;
			productReference = 26AD9F2628E3E4580017E297 /* testUITests.xctest */;
			productType = "com.apple.product-type.bundle.ui-testing";
		};
/* End PBXNativeTarget section */

/* Begin PBXProject section */
		26AD9EFE28E3E4570017E297 /* Project object */ = {
			isa = PBXProject;
			attributes = {
				BuildIndependentTargetsInParallel = 1;
				LastSwiftUpdateCheck = 1340;
				LastUpgradeCheck = 1340;
				TargetAttributes = {
					26AD9F0528E3E4570017E297 = {
						CreatedOnToolsVersion = 13.4.1;
					};
					26AD9F1B28E3E4580017E297 = {
						CreatedOnToolsVersion = 13.4.1;
						TestTargetID = 26AD9F0528E3E4570017E297;
					};
					26AD9F2528E3E4580017E297 = {
						CreatedOnToolsVersion = 13.4.1;
						TestTargetID = 26AD9F0528E3E4570017E297;
					};
				};
			};
			buildConfigurationList = 26AD9F0128E3E4570017E297 /* Build configuration list for PBXProject "test" */;
			compatibilityVersion = "Xcode 13.0";
			developmentRegion = en;
			hasScannedForEncodings = 0;
			knownRegions = (
				en,
				Base,
			);
			mainGroup = 26AD9EFD28E3E4570017E297;
			productRefGroup = 26AD9F0728E3E4570017E297 /* Products */;
			projectDirPath = "";
			projectRoot = "";
			targets = (
				26AD9F0528E3E4570017E297 /* test */,
				26AD9F1B28E3E4580017E297 /* testTests */,
				26AD9F2528E3E4580017E297 /* testUITests */,
			);
		};
/* End PBXProject section */

/* Begin PBXResourcesBuildPhase section */
		26AD9F0428E3E4570017E297 /* Resources */ = {
			isa = PBXResourcesBuildPhase;
			buildActionMask = 2147483647;
			files = (
				26AD9F1628E3E4580017E297 /* LaunchScreen.storyboard in Resources */,
				26AD9F1328E3E4580017E297 /* Assets.xcassets in Resources */,
				26AD9F1128E3E4570017E297 /* Main.storyboard in Resources */,
			);
			runOnlyForDeploymentPostprocessing = 0;
		};
		26AD9F1A28E3E4580017E297 /* Resources */ = {
			isa = PBXResourcesBuildPhase;
			buildActionMask = 2147483647;
			files = (
			);
			runOnlyForDeploymentPostprocessing = 0;
		};
		26AD9F2428E3E4580017E297 /* Resources */ = {
			isa = PBXResourcesBuildPhase;
			buildActionMask = 2147483647;
			files = (
			);
			runOnlyForDeploymentPostprocessing = 0;
		};
/* End PBXResourcesBuildPhase section */

/* Begin PBXSourcesBuildPhase section */
		26AD9F0228E3E4570017E297 /* Sources */ = {
			isa = PBXSourcesBuildPhase;
			buildActionMask = 2147483647;
			files = (
				26AD9F0E28E3E4570017E297 /* ViewController.swift in Sources */,
				26AD9F0A28E3E4570017E297 /* AppDelegate.swift in Sources */,
				26AD9F0C28E3E4570017E297 /* SceneDelegate.swift in Sources */,
			);
			runOnlyForDeploymentPostprocessing = 0;
		};
		26AD9F1828E3E4580017E297 /* Sources */ = {
			isa = PBXSourcesBuildPhase;
			buildActionMask = 2147483647;
			files = (
				26AD9F2128E3E4580017E297 /* testTests.swift in Sources */,
			);
			runOnlyForDeploymentPostprocessing = 0;
		};
		26AD9F2228E3E4580017E297 /* Sources */ = {
			isa = PBXSourcesBuildPhase;
			buildActionMask = 2147483647;
			files = (
				26AD9F2D28E3E4580017E297 /* testUITestsLaunchTests.swift in Sources */,
				26AD9F2B28E3E4580017E297 /* testUITests.swift in Sources */,
			);
			runOnlyForDeploymentPostprocessing = 0;
		};
/* End PBXSourcesBuildPhase section */

/* Begin PBXTargetDependency section */
		26AD9F1E28E3E4580017E297 /* PBXTargetDependency */ = {
			isa = PBXTargetDependency;
			target = 26AD9F0528E3E4570017E297 /* test */;
			targetProxy = 26AD9F1D28E3E4580017E297 /* PBXContainerItemProxy */;
		};
		26AD9F2828E3E4580017E297 /* PBXTargetDependency */ = {
			isa = PBXTargetDependency;
			target = 26AD9F0528E3E4570017E297 /* test */;
			targetProxy = 26AD9F2728E3E4580017E297 /* PBXContainerItemProxy */;
		};
/* End PBXTargetDependency section */

/* Begin PBXVariantGroup section */
		26AD9F0F28E3E4570017E297 /* Main.storyboard */ = {
			isa = PBXVariantGroup;
			children = (
				26AD9F1028E3E4570017E297 /* Base */,
			);
			name = Main.storyboard;
			sourceTree = "<group>";
		};
		26AD9F1428E3E4580017E297 /* LaunchScreen.storyboard */ = {
			isa = PBXVariantGroup;
			children = (
				26AD9F1528E3E4580017E297 /* Base */,
			);
			name = LaunchScreen.storyboard;
			sourceTree = "<group>";
		};
/* End PBXVariantGroup section */

/* Begin XCBuildConfiguration section */
		26AD9F2E28E3E4580017E297 /* Debug */ = {
			isa = XCBuildConfiguration;
			buildSettings = {
				ALWAYS_SEARCH_USER_PATHS = NO;
				CLANG_ANALYZER_NONNULL = YES;
				CLANG_ANALYZER_NUMBER_OBJECT_CONVERSION = YES_AGGRESSIVE;
				CLANG_CXX_LANGUAGE_STANDARD = "gnu++17";
				CLANG_ENABLE_MODULES = YES;
				CLANG_ENABLE_OBJC_ARC = YES;
				CLANG_ENABLE_OBJC_WEAK = YES;
				CLANG_WARN_BLOCK_CAPTURE_AUTORELEASING = YES;
				CLANG_WARN_BOOL_CONVERSION = YES;
				CLANG_WARN_COMMA = YES;
				CLANG_WARN_CONSTANT_CONVERSION = YES;
				CLANG_WARN_DEPRECATED_OBJC_IMPLEMENTATIONS = YES;
				CLANG_WARN_DIRECT_OBJC_ISA_USAGE = YES_ERROR;
				CLANG_WARN_DOCUMENTATION_COMMENTS = YES;
				CLANG_WARN_EMPTY_BODY = YES;
				CLANG_WARN_ENUM_CONVERSION = YES;
				CLANG_WARN_INFINITE_RECURSION = YES;
				CLANG_WARN_INT_CONVERSION = YES;
				CLANG_WARN_NON_LITERAL_NULL_CONVERSION = YES;
				CLANG_WARN_OBJC_IMPLICIT_RETAIN_SELF = YES;
				CLANG_WARN_OBJC_LITERAL_CONVERSION = YES;
				CLANG_WARN_OBJC_ROOT_CLASS = YES_ERROR;
				CLANG_WARN_QUOTED_INCLUDE_IN_FRAMEWORK_HEADER = YES;
				CLANG_WARN_RANGE_LOOP_ANALYSIS = YES;
				CLANG_WARN_STRICT_PROTOTYPES = YES;
				CLANG_WARN_SUSPICIOUS_MOVE = YES;
				CLANG_WARN_UNGUARDED_AVAILABILITY = YES_AGGRESSIVE;
				CLANG_WARN_UNREACHABLE_CODE = YES;
				CLANG_WARN__DUPLICATE_METHOD_MATCH = YES;
				COPY_PHASE_STRIP = NO;
				DEBUG_INFORMATION_FORMAT = dwarf;
				ENABLE_STRICT_OBJC_MSGSEND = YES;
				ENABLE_TESTABILITY = YES;
				GCC_C_LANGUAGE_STANDARD = gnu11;
				GCC_DYNAMIC_NO_PIC = NO;
				GCC_NO_COMMON_BLOCKS = YES;
				GCC_OPTIMIZATION_LEVEL = 0;
				GCC_PREPROCESSOR_DEFINITIONS = (
					"DEBUG=1",
					"$(inherited)",
				);
				GCC_WARN_64_TO_32_BIT_CONVERSION = YES;
				GCC_WARN_ABOUT_RETURN_TYPE = YES_ERROR;
				GCC_WARN_UNDECLARED_SELECTOR = YES;
				GCC_WARN_UNINITIALIZED_AUTOS = YES_AGGRESSIVE;
				GCC_WARN_UNUSED_FUNCTION = YES;
				GCC_WARN_UNUSED_VARIABLE = YES;
				IPHONEOS_DEPLOYMENT_TARGET = 15.5;
				MTL_ENABLE_DEBUG_INFO = INCLUDE_SOURCE;
				MTL_FAST_MATH = YES;
				ONLY_ACTIVE_ARCH = YES;
				SDKROOT = iphoneos;
				SWIFT_ACTIVE_COMPILATION_CONDITIONS = DEBUG;
				SWIFT_OPTIMIZATION_LEVEL = "-Onone";
			};
			name = Debug;
		};
		26AD9F2F28E3E4580017E297 /* Release */ = {
			isa = XCBuildConfiguration;
			buildSettings = {
				ALWAYS_SEARCH_USER_PATHS = NO;
				CLANG_ANALYZER_NONNULL = YES;
				CLANG_ANALYZER_NUMBER_OBJECT_CONVERSION = YES_AGGRESSIVE;
				CLANG_CXX_LANGUAGE_STANDARD = "gnu++17";
				CLANG_ENABLE_MODULES = YES;
				CLANG_ENABLE_OBJC_ARC = YES;
				CLANG_ENABLE_OBJC_WEAK = YES;
				CLANG_WARN_BLOCK_CAPTURE_AUTORELEASING = YES;
				CLANG_WARN_BOOL_CONVERSION = YES;
				CLANG_WARN_COMMA = YES;
				CLANG_WARN_CONSTANT_CONVERSION = YES;
				CLANG_WARN_DEPRECATED_OBJC_IMPLEMENTATIONS = YES;
				CLANG_WARN_DIRECT_OBJC_ISA_USAGE = YES_ERROR;
				CLANG_WARN_DOCUMENTATION_COMMENTS = YES;
				CLANG_WARN_EMPTY_BODY = YES;
				CLANG_WARN_ENUM_CONVERSION = YES;
				CLANG_WARN_INFINITE_RECURSION = YES;
				CLANG_WARN_INT_CONVERSION = YES;
				CLANG_WARN_NON_LITERAL_NULL_CONVERSION = YES;
				CLANG_WARN_OBJC_IMPLICIT_RETAIN_SELF = YES;
				CLANG_WARN_OBJC_LITERAL_CONVERSION = YES;
				CLANG_WARN_OBJC_ROOT_CLASS = YES_ERROR;
				CLANG_WARN_QUOTED_INCLUDE_IN_FRAMEWORK_HEADER = YES;
				CLANG_WARN_RANGE_LOOP_ANALYSIS = YES;
				CLANG_WARN_STRICT_PROTOTYPES = YES;
				CLANG_WARN_SUSPICIOUS_MOVE = YES;
				CLANG_WARN_UNGUARDED_AVAILABILITY = YES_AGGRESSIVE;
				CLANG_WARN_UNREACHABLE_CODE = YES;
				CLANG_WARN__DUPLICATE_METHOD_MATCH = YES;
				COPY_PHASE_STRIP = NO;
				DEBUG_INFORMATION_FORMAT = "dwarf-with-dsym";
				ENABLE_NS_ASSERTIONS = NO;
				ENABLE_STRICT_OBJC_MSGSEND = YES;
				GCC_C_LANGUAGE_STANDARD = gnu11;
				GCC_NO_COMMON_BLOCKS = YES;
				GCC_WARN_64_TO_32_BIT_CONVERSION = YES;
				GCC_WARN_ABOUT_RETURN_TYPE = YES_ERROR;
				GCC_WARN_UNDECLARED_SELECTOR = YES;
				GCC_WARN_UNINITIALIZED_AUTOS = YES_AGGRESSIVE;
				GCC_WARN_UNUSED_FUNCTION = YES;
				GCC_WARN_UNUSED_VARIABLE = YES;
				IPHONEOS_DEPLOYMENT_TARGET = 15.5;
				MTL_ENABLE_DEBUG_INFO = NO;
				MTL_FAST_MATH = YES;
				SDKROOT = iphoneos;
				SWIFT_COMPILATION_MODE = wholemodule;
				SWIFT_OPTIMIZATION_LEVEL = "-O";
				VALIDATE_PRODUCT = YES;
			};
			name = Release;
		};
		26AD9F3128E3E4580017E297 /* Debug */ = {
			isa = XCBuildConfiguration;
			buildSettings = {
				ASSETCATALOG_COMPILER_APPICON_NAME = AppIcon;
				ASSETCATALOG_COMPILER_GLOBAL_ACCENT_COLOR_NAME = AccentColor;
				CODE_SIGN_STYLE = Automatic;
				CURRENT_PROJECT_VERSION = 1;
				GENERATE_INFOPLIST_FILE = YES;
				INFOPLIST_FILE = test/Info.plist;
				INFOPLIST_KEY_CFBundleDisplayName = AppForWebScraping;
				INFOPLIST_KEY_UIApplicationSupportsIndirectInputEvents = YES;
				INFOPLIST_KEY_UILaunchStoryboardName = LaunchScreen;
				INFOPLIST_KEY_UIMainStoryboardFile = Main;
				INFOPLIST_KEY_UISupportedInterfaceOrientations_iPad = "UIInterfaceOrientationPortrait UIInterfaceOrientationPortraitUpsideDown UIInterfaceOrientationLandscapeLeft UIInterfaceOrientationLandscapeRight";
				INFOPLIST_KEY_UISupportedInterfaceOrientations_iPhone = "UIInterfaceOrientationPortrait UIInterfaceOrientationLandscapeLeft UIInterfaceOrientationLandscapeRight";
				LD_RUNPATH_SEARCH_PATHS = (
					"$(inherited)",
					"@executable_path/Frameworks",
				);
				MARKETING_VERSION = 1.0;
				PRODUCT_BUNDLE_IDENTIFIER = nwmsu.test;
				PRODUCT_NAME = "$(TARGET_NAME)";
				SWIFT_EMIT_LOC_STRINGS = YES;
				SWIFT_VERSION = 5.0;
				TARGETED_DEVICE_FAMILY = "1,2";
			};
			name = Debug;
		};
		26AD9F3228E3E4580017E297 /* Release */ = {
			isa = XCBuildConfiguration;
			buildSettings = {
				ASSETCATALOG_COMPILER_APPICON_NAME = AppIcon;
				ASSETCATALOG_COMPILER_GLOBAL_ACCENT_COLOR_NAME = AccentColor;
				CODE_SIGN_STYLE = Automatic;
				CURRENT_PROJECT_VERSION = 1;
				GENERATE_INFOPLIST_FILE = YES;
				INFOPLIST_FILE = test/Info.plist;
				INFOPLIST_KEY_CFBundleDisplayName = AppForWebScraping;
				INFOPLIST_KEY_UIApplicationSupportsIndirectInputEvents = YES;
				INFOPLIST_KEY_UILaunchStoryboardName = LaunchScreen;
				INFOPLIST_KEY_UIMainStoryboardFile = Main;
				INFOPLIST_KEY_UISupportedInterfaceOrientations_iPad = "UIInterfaceOrientationPortrait UIInterfaceOrientationPortraitUpsideDown UIInterfaceOrientationLandscapeLeft UIInterfaceOrientationLandscapeRight";
				INFOPLIST_KEY_UISupportedInterfaceOrientations_iPhone = "UIInterfaceOrientationPortrait UIInterfaceOrientationLandscapeLeft UIInterfaceOrientationLandscapeRight";
				LD_RUNPATH_SEARCH_PATHS = (
					"$(inherited)",
					"@executable_path/Frameworks",
				);
				MARKETING_VERSION = 1.0;
				PRODUCT_BUNDLE_IDENTIFIER = nwmsu.test;
				PRODUCT_NAME = "$(TARGET_NAME)";
				SWIFT_EMIT_LOC_STRINGS = YES;
				SWIFT_VERSION = 5.0;
				TARGETED_DEVICE_FAMILY = "1,2";
			};
			name = Release;
		};
		26AD9F3428E3E4580017E297 /* Debug */ = {
			isa = XCBuildConfiguration;
			buildSettings = {
				ALWAYS_EMBED_SWIFT_STANDARD_LIBRARIES = YES;
				BUNDLE_LOADER = "$(TEST_HOST)";
				CODE_SIGN_STYLE = Automatic;
				CURRENT_PROJECT_VERSION = 1;
				GENERATE_INFOPLIST_FILE = YES;
				IPHONEOS_DEPLOYMENT_TARGET = 15.5;
				MARKETING_VERSION = 1.0;
				PRODUCT_BUNDLE_IDENTIFIER = nwmsu.testTests;
				PRODUCT_NAME = "$(TARGET_NAME)";
				SWIFT_EMIT_LOC_STRINGS = NO;
				SWIFT_VERSION = 5.0;
				TARGETED_DEVICE_FAMILY = "1,2";
				TEST_HOST = "$(BUILT_PRODUCTS_DIR)/test.app/test";
			};
			name = Debug;
		};
		26AD9F3528E3E4580017E297 /* Release */ = {
			isa = XCBuildConfiguration;
			buildSettings = {
				ALWAYS_EMBED_SWIFT_STANDARD_LIBRARIES = YES;
				BUNDLE_LOADER = "$(TEST_HOST)";
				CODE_SIGN_STYLE = Automatic;
				CURRENT_PROJECT_VERSION = 1;
				GENERATE_INFOPLIST_FILE = YES;
				IPHONEOS_DEPLOYMENT_TARGET = 15.5;
				MARKETING_VERSION = 1.0;
				PRODUCT_BUNDLE_IDENTIFIER = nwmsu.testTests;
				PRODUCT_NAME = "$(TARGET_NAME)";
				SWIFT_EMIT_LOC_STRINGS = NO;
				SWIFT_VERSION = 5.0;
				TARGETED_DEVICE_FAMILY = "1,2";
				TEST_HOST = "$(BUILT_PRODUCTS_DIR)/test.app/test";
			};
			name = Release;
		};
		26AD9F3728E3E4580017E297 /* Debug */ = {
			isa = XCBuildConfiguration;
			buildSettings = {
				ALWAYS_EMBED_SWIFT_STANDARD_LIBRARIES = YES;
				CODE_SIGN_STYLE = Automatic;
				CURRENT_PROJECT_VERSION = 1;
				GENERATE_INFOPLIST_FILE = YES;
				MARKETING_VERSION = 1.0;
				PRODUCT_BUNDLE_IDENTIFIER = nwmsu.testUITests;
				PRODUCT_NAME = "$(TARGET_NAME)";
				SWIFT_EMIT_LOC_STRINGS = NO;
				SWIFT_VERSION = 5.0;
				TARGETED_DEVICE_FAMILY = "1,2";
				TEST_TARGET_NAME = test;
			};
			name = Debug;
		};
		26AD9F3828E3E4580017E297 /* Release */ = {
			isa = XCBuildConfiguration;
			buildSettings = {
				ALWAYS_EMBED_SWIFT_STANDARD_LIBRARIES = YES;
				CODE_SIGN_STYLE = Automatic;
				CURRENT_PROJECT_VERSION = 1;
				GENERATE_INFOPLIST_FILE = YES;
				MARKETING_VERSION = 1.0;
				PRODUCT_BUNDLE_IDENTIFIER = nwmsu.testUITests;
				PRODUCT_NAME = "$(TARGET_NAME)";
				SWIFT_EMIT_LOC_STRINGS = NO;
				SWIFT_VERSION = 5.0;
				TARGETED_DEVICE_FAMILY = "1,2";
				TEST_TARGET_NAME = test;
			};
			name = Release;
		};
/* End XCBuildConfiguration section */

/* Begin XCConfigurationList section */
		26AD9F0128E3E4570017E297 /* Build configuration list for PBXProject "test" */ = {
			isa = XCConfigurationList;
			buildConfigurations = (
				26AD9F2E28E3E4580017E297 /* Debug */,
				26AD9F2F28E3E4580017E297 /* Release */,
			);
			defaultConfigurationIsVisible = 0;
			defaultConfigurationName = Release;
		};
		26AD9F3028E3E4580017E297 /* Build configuration list for PBXNativeTarget "test" */ = {
			isa = XCConfigurationList;
			buildConfigurations = (
				26AD9F3128E3E4580017E297 /* Debug */,
				26AD9F3228E3E4580017E297 /* Release */,
			);
			defaultConfigurationIsVisible = 0;
			defaultConfigurationName = Release;
		};
		26AD9F3328E3E4580017E297 /* Build configuration list for PBXNativeTarget "testTests" */ = {
			isa = XCConfigurationList;
			buildConfigurations = (
				26AD9F3428E3E4580017E297 /* Debug */,
				26AD9F3528E3E4580017E297 /* Release */,
			);
			defaultConfigurationIsVisible = 0;
			defaultConfigurationName = Release;
		};
		26AD9F3628E3E4580017E297 /* Build configuration list for PBXNativeTarget "testUITests" */ = {
			isa = XCConfigurationList;
			buildConfigurations = (
				26AD9F3728E3E4580017E297 /* Debug */,
				26AD9F3828E3E4580017E297 /* Release */,
			);
			defaultConfigurationIsVisible = 0;
			defaultConfigurationName = Release;
		};
/* End XCConfigurationList section */
	};
	rootObject = 26AD9EFE28E3E4570017E297 /* Project object */;
}
