{
  "pins" : [
    {
      "identity" : "mysqlswiftnative",
      "kind" : "remoteSourceControl",
      "location" : "https://github.com/mcorega/MySqlSwiftNative.git",
      "state" : {
        "branch" : "master",
        "revision" : "66090f083cc17a815bcecfc3af56468718f91cd7"
      }
    }
  ],
  "version" : 2
}
