// !$*UTF8*$!
{
	archiveVersion = 1;
	classes = {
	};
	objectVersion = 55;
	objects = {

/* Begin PBXBuildFile section */
		260E922328F4D5E60020B79F /* signupController.swift in Sources */ = {isa = PBXBuildFile; fileRef = 260E922228F4D5E60020B79F /* signupController.swift */; };
		26247E2829881A44001BCE1E /* wishListControllerViewController.swift in Sources */ = {isa = PBXBuildFile; fileRef = 26247E2729881A44001BCE1E /* wishListControllerViewController.swift */; };
		2630EE99297F868300D69900 /* GoogleService-Info.plist in Resources */ = {isa = PBXBuildFile; fileRef = 2630EE98297F868300D69900 /* GoogleService-Info.plist */; };
		263791CF2925264900B2A9E5 /* tesViewController.swift in Sources */ = {isa = PBXBuildFile; fileRef = 263791CE2925264900B2A9E5 /* tesViewController.swift */; };
		263E36FA29A349490023794B /* CalendarEventDetailDesViewController.swift in Sources */ = {isa = PBXBuildFile; fileRef = 263E36F929A349490023794B /* CalendarEventDetailDesViewController.swift */; };
		264F965F298A0F0D00573A24 /* WishList.swift in Sources */ = {isa = PBXBuildFile; fileRef = 264F965E298A0F0D00573A24 /* WishList.swift */; };
		264F9661298A10B200573A24 /* DataManager.swift in Sources */ = {isa = PBXBuildFile; fileRef = 264F9660298A10B200573A24 /* DataManager.swift */; };
		264F9663298A15EE00573A24 /* WishListView.swift in Sources */ = {isa = PBXBuildFile; fileRef = 264F9662298A15EE00573A24 /* WishListView.swift */; };
		264F9665298AB69800573A24 /* UserList.swift in Sources */ = {isa = PBXBuildFile; fileRef = 264F9664298AB69800573A24 /* UserList.swift */; };
		264F96B02990B0B400573A24 /* wishlistFirebase.swift in Sources */ = {isa = PBXBuildFile; fileRef = 264F96AF2990B0B400573A24 /* wishlistFirebase.swift */; };
		264F96B22990B17C00573A24 /* wishlistService.swift in Sources */ = {isa = PBXBuildFile; fileRef = 264F96B12990B17C00573A24 /* wishlistService.swift */; };
		266A5A5529A2C80900F2935D /* CalendarData.swift in Sources */ = {isa = PBXBuildFile; fileRef = 266A5A5429A2C80900F2935D /* CalendarData.swift */; };
		266A5A9C29A2D47500F2935D /* UserAccPageViewController.swift in Sources */ = {isa = PBXBuildFile; fileRef = 266A5A9B29A2D47500F2935D /* UserAccPageViewController.swift */; };
		266DE80929A719FF001E513D /* SignUpVC.swift in Sources */ = {isa = PBXBuildFile; fileRef = 266DE80829A719FF001E513D /* SignUpVC.swift */; };
		2690BBAE28F0D73500C74A1F /* TableViewController.swift in Sources */ = {isa = PBXBuildFile; fileRef = 2690BBAD28F0D73500C74A1F /* TableViewController.swift */; };
		26AD9F7828EA5CFF0017E297 /* EventsListController.swift in Sources */ = {isa = PBXBuildFile; fileRef = 26AD9F7728EA5CFF0017E297 /* EventsListController.swift */; };
		26E7ED1629B03BC3008719A3 /* AdminDetailVC.swift in Sources */ = {isa = PBXBuildFile; fileRef = 26E7ED1529B03BC3008719A3 /* AdminDetailVC.swift */; };
		26E7ED1929B987FE008719A3 /* FirebaseAnalytics in Frameworks */ = {isa = PBXBuildFile; productRef = 26E7ED1829B987FE008719A3 /* FirebaseAnalytics */; };
		26E7ED1B29B987FE008719A3 /* FirebaseAnalyticsOnDeviceConversion in Frameworks */ = {isa = PBXBuildFile; productRef = 26E7ED1A29B987FE008719A3 /* FirebaseAnalyticsOnDeviceConversion */; };
		26E7ED1D29B987FE008719A3 /* FirebaseAnalyticsSwift in Frameworks */ = {isa = PBXBuildFile; productRef = 26E7ED1C29B987FE008719A3 /* FirebaseAnalyticsSwift */; };
		26E7ED1F29B987FE008719A3 /* FirebaseAnalyticsWithoutAdIdSupport in Frameworks */ = {isa = PBXBuildFile; productRef = 26E7ED1E29B987FE008719A3 /* FirebaseAnalyticsWithoutAdIdSupport */; };
		26E7ED2129B987FE008719A3 /* FirebaseAppCheck in Frameworks */ = {isa = PBXBuildFile; productRef = 26E7ED2029B987FE008719A3 /* FirebaseAppCheck */; };
		26E7ED2329B987FE008719A3 /* FirebaseAppDistribution-Beta in Frameworks */ = {isa = PBXBuildFile; productRef = 26E7ED2229B987FE008719A3 /* FirebaseAppDistribution-Beta */; };
		26E7ED2529B987FE008719A3 /* FirebaseAuth in Frameworks */ = {isa = PBXBuildFile; productRef = 26E7ED2429B987FE008719A3 /* FirebaseAuth */; };
		26E7ED2729B987FE008719A3 /* FirebaseAuthCombine-Community in Frameworks */ = {isa = PBXBuildFile; productRef = 26E7ED2629B987FE008719A3 /* FirebaseAuthCombine-Community */; };
		26E7ED2929B987FE008719A3 /* FirebaseCrashlytics in Frameworks */ = {isa = PBXBuildFile; productRef = 26E7ED2829B987FE008719A3 /* FirebaseCrashlytics */; };
		26E7ED2B29B987FE008719A3 /* FirebaseDatabase in Frameworks */ = {isa = PBXBuildFile; productRef = 26E7ED2A29B987FE008719A3 /* FirebaseDatabase */; };
		26E7ED2D29B987FE008719A3 /* FirebaseDatabaseSwift in Frameworks */ = {isa = PBXBuildFile; productRef = 26E7ED2C29B987FE008719A3 /* FirebaseDatabaseSwift */; };
		26E7ED2F29B987FE008719A3 /* FirebaseDynamicLinks in Frameworks */ = {isa = PBXBuildFile; productRef = 26E7ED2E29B987FE008719A3 /* FirebaseDynamicLinks */; };
		26E7ED3129B987FE008719A3 /* FirebaseFirestore in Frameworks */ = {isa = PBXBuildFile; productRef = 26E7ED3029B987FE008719A3 /* FirebaseFirestore */; };
		26E7ED3329B987FE008719A3 /* FirebaseFirestoreCombine-Community in Frameworks */ = {isa = PBXBuildFile; productRef = 26E7ED3229B987FE008719A3 /* FirebaseFirestoreCombine-Community */; };
		26E7ED3529B987FE008719A3 /* FirebaseFirestoreSwift in Frameworks */ = {isa = PBXBuildFile; productRef = 26E7ED3429B987FE008719A3 /* FirebaseFirestoreSwift */; };
		26E7ED3729B987FE008719A3 /* FirebaseFunctions in Frameworks */ = {isa = PBXBuildFile; productRef = 26E7ED3629B987FE008719A3 /* FirebaseFunctions */; };
		26E7ED3929B987FE008719A3 /* FirebaseFunctionsCombine-Community in Frameworks */ = {isa = PBXBuildFile; productRef = 26E7ED3829B987FE008719A3 /* FirebaseFunctionsCombine-Community */; };
		26E7ED3B29B987FE008719A3 /* FirebaseInAppMessaging-Beta in Frameworks */ = {isa = PBXBuildFile; productRef = 26E7ED3A29B987FE008719A3 /* FirebaseInAppMessaging-Beta */; };
		26E7ED3D29B987FE008719A3 /* FirebaseInAppMessagingSwift-Beta in Frameworks */ = {isa = PBXBuildFile; productRef = 26E7ED3C29B987FE008719A3 /* FirebaseInAppMessagingSwift-Beta */; };
		26E7ED3F29B987FE008719A3 /* FirebaseInstallations in Frameworks */ = {isa = PBXBuildFile; productRef = 26E7ED3E29B987FE008719A3 /* FirebaseInstallations */; };
		26E7ED4129B987FE008719A3 /* FirebaseMLModelDownloader in Frameworks */ = {isa = PBXBuildFile; productRef = 26E7ED4029B987FE008719A3 /* FirebaseMLModelDownloader */; };
		26E7ED4329B987FE008719A3 /* FirebaseMessaging in Frameworks */ = {isa = PBXBuildFile; productRef = 26E7ED4229B987FE008719A3 /* FirebaseMessaging */; };
		26E7ED4529B987FE008719A3 /* FirebasePerformance in Frameworks */ = {isa = PBXBuildFile; productRef = 26E7ED4429B987FE008719A3 /* FirebasePerformance */; };
		26E7ED4729B987FE008719A3 /* FirebaseRemoteConfig in Frameworks */ = {isa = PBXBuildFile; productRef = 26E7ED4629B987FE008719A3 /* FirebaseRemoteConfig */; };
		26E7ED4929B987FE008719A3 /* FirebaseRemoteConfigSwift in Frameworks */ = {isa = PBXBuildFile; productRef = 26E7ED4829B987FE008719A3 /* FirebaseRemoteConfigSwift */; };
		26E7ED4B29B987FE008719A3 /* FirebaseStorage in Frameworks */ = {isa = PBXBuildFile; productRef = 26E7ED4A29B987FE008719A3 /* FirebaseStorage */; };
		26E7ED4D29B987FE008719A3 /* FirebaseStorageCombine-Community in Frameworks */ = {isa = PBXBuildFile; productRef = 26E7ED4C29B987FE008719A3 /* FirebaseStorageCombine-Community */; };
		26F717FB291888B4009B2BE1 /* Calendar.swift in Sources */ = {isa = PBXBuildFile; fileRef = 26F717FA291888B4009B2BE1 /* Calendar.swift */; };
		26F717FD29188A0A009B2BE1 /* EventsDetailListViewController.swift in Sources */ = {isa = PBXBuildFile; fileRef = 26F717FC29188A0A009B2BE1 /* EventsDetailListViewController.swift */; };
		F50DA3952908B89800342EDA /* PayemntController.swift in Sources */ = {isa = PBXBuildFile; fileRef = F50DA3942908B89800342EDA /* PayemntController.swift */; };
		F5186A5A28E8F4F800806FAB /* LoginController.swift in Sources */ = {isa = PBXBuildFile; fileRef = F5186A5928E8F4F800806FAB /* LoginController.swift */; };
		F55E4AB229A5836F007E5850 /* HomeVC.swift in Sources */ = {isa = PBXBuildFile; fileRef = F55E4AB129A5836F007E5850 /* HomeVC.swift */; };
		F55E4AB429A58393007E5850 /* EventsTVC.swift in Sources */ = {isa = PBXBuildFile; fileRef = F55E4AB329A58393007E5850 /* EventsTVC.swift */; };
		F55E4AB629A583A6007E5850 /* WishlistTVC.swift in Sources */ = {isa = PBXBuildFile; fileRef = F55E4AB529A583A6007E5850 /* WishlistTVC.swift */; };
		F55E4AB829A583C0007E5850 /* LoginVC.swift in Sources */ = {isa = PBXBuildFile; fileRef = F55E4AB729A583C0007E5850 /* LoginVC.swift */; };
		F55E4AB929A58870007E5850 /* Assets.xcassets in Resources */ = {isa = PBXBuildFile; fileRef = F5A77A5528E79078001307B3 /* Assets.xcassets */; };
		F55E4ABB29A58923007E5850 /* Day One at Northwest.mp4 in Resources */ = {isa = PBXBuildFile; fileRef = F55E4ABA29A58909007E5850 /* Day One at Northwest.mp4 */; };
		F55E4ABD29A5AD31007E5850 /* EventsDetailVC.swift in Sources */ = {isa = PBXBuildFile; fileRef = F55E4ABC29A5AD31007E5850 /* EventsDetailVC.swift */; };
		F55E4ABF29A5C7EB007E5850 /* PaymentVC.swift in Sources */ = {isa = PBXBuildFile; fileRef = F55E4ABE29A5C7EB007E5850 /* PaymentVC.swift */; };
		F55E4AC129A5CAAF007E5850 /* UserProfileVC.swift in Sources */ = {isa = PBXBuildFile; fileRef = F55E4AC029A5CAAF007E5850 /* UserProfileVC.swift */; };
		F55E4AC829A66F4B007E5850 /* 31737-savings-dollar.json in Resources */ = {isa = PBXBuildFile; fileRef = F55E4AC729A66F4B007E5850 /* 31737-savings-dollar.json */; };
		F55E4ACB29A66FF8007E5850 /* Lottie in Frameworks */ = {isa = PBXBuildFile; productRef = F55E4ACA29A66FF8007E5850 /* Lottie */; };
		F5A77A4D28E79076001307B3 /* AppDelegate.swift in Sources */ = {isa = PBXBuildFile; fileRef = F5A77A4C28E79076001307B3 /* AppDelegate.swift */; };
		F5A77A4F28E79076001307B3 /* SceneDelegate.swift in Sources */ = {isa = PBXBuildFile; fileRef = F5A77A4E28E79076001307B3 /* SceneDelegate.swift */; };
		F5A77A5128E79076001307B3 /* ViewController.swift in Sources */ = {isa = PBXBuildFile; fileRef = F5A77A5028E79076001307B3 /* ViewController.swift */; };
		F5A77A5428E79076001307B3 /* Main.storyboard in Resources */ = {isa = PBXBuildFile; fileRef = F5A77A5228E79076001307B3 /* Main.storyboard */; };
		F5A77A5928E79078001307B3 /* LaunchScreen.storyboard in Resources */ = {isa = PBXBuildFile; fileRef = F5A77A5728E79078001307B3 /* LaunchScreen.storyboard */; };
		F5C9F57229AD9E7600D5CB1A /* AdminVC.swift in Sources */ = {isa = PBXBuildFile; fileRef = F5C9F57129AD9E7600D5CB1A /* AdminVC.swift */; };
		F5C9F57429ADAEC600D5CB1A /* login.json in Resources */ = {isa = PBXBuildFile; fileRef = F5C9F57329ADAEC600D5CB1A /* login.json */; };
		F5D59E4229D6B6F90015BA9A /* PhotoCollectionViewCell.swift in Sources */ = {isa = PBXBuildFile; fileRef = F5D59E4129D6B6F90015BA9A /* PhotoCollectionViewCell.swift */; };
		F5D59E4529D6C4D70015BA9A /* crumple-03-40747.mp3 in Resources */ = {isa = PBXBuildFile; fileRef = F5D59E4429D6C4D70015BA9A /* crumple-03-40747.mp3 */; };
		F5D59E4729D6CA4E0015BA9A /* metallic-door-shut-98740.mp3 in Resources */ = {isa = PBXBuildFile; fileRef = F5D59E4629D6CA4E0015BA9A /* metallic-door-shut-98740.mp3 */; };
		F5F3AE1529CD188C005FD102 /* 104759-login.json in Resources */ = {isa = PBXBuildFile; fileRef = F5F3AE1429CD188C005FD102 /* 104759-login.json */; };
		F5F3AE1729CD1E4C005FD102 /* 104368-thank-you.json in Resources */ = {isa = PBXBuildFile; fileRef = F5F3AE1629CD1E4C005FD102 /* 104368-thank-you.json */; };
		F66ECD68290CC10800D89F73 /* MySQLDriver in Frameworks */ = {isa = PBXBuildFile; productRef = F66ECD67290CC10800D89F73 /* MySQLDriver */; };
/* End PBXBuildFile section */

/* Begin PBXFileReference section */
		260E922228F4D5E60020B79F /* signupController.swift */ = {isa = PBXFileReference; lastKnownFileType = sourcecode.swift; path = signupController.swift; sourceTree = "<group>"; };
		26247E2729881A44001BCE1E /* wishListControllerViewController.swift */ = {isa = PBXFileReference; lastKnownFileType = sourcecode.swift; path = wishListControllerViewController.swift; sourceTree = "<group>"; };
		2630EE98297F868300D69900 /* GoogleService-Info.plist */ = {isa = PBXFileReference; fileEncoding = 4; lastKnownFileType = text.plist.xml; path = "GoogleService-Info.plist"; sourceTree = "<group>"; };
		263791CE2925264900B2A9E5 /* tesViewController.swift */ = {isa = PBXFileReference; lastKnownFileType = sourcecode.swift; path = tesViewController.swift; sourceTree = "<group>"; };
		263E36F929A349490023794B /* CalendarEventDetailDesViewController.swift */ = {isa = PBXFileReference; lastKnownFileType = sourcecode.swift; path = CalendarEventDetailDesViewController.swift; sourceTree = "<group>"; };
		264F965E298A0F0D00573A24 /* WishList.swift */ = {isa = PBXFileReference; lastKnownFileType = sourcecode.swift; path = WishList.swift; sourceTree = "<group>"; };
		264F9660298A10B200573A24 /* DataManager.swift */ = {isa = PBXFileReference; lastKnownFileType = sourcecode.swift; path = DataManager.swift; sourceTree = "<group>"; };
		264F9662298A15EE00573A24 /* WishListView.swift */ = {isa = PBXFileReference; lastKnownFileType = sourcecode.swift; path = WishListView.swift; sourceTree = "<group>"; };
		264F9664298AB69800573A24 /* UserList.swift */ = {isa = PBXFileReference; lastKnownFileType = sourcecode.swift; path = UserList.swift; sourceTree = "<group>"; };
		264F96AF2990B0B400573A24 /* wishlistFirebase.swift */ = {isa = PBXFileReference; lastKnownFileType = sourcecode.swift; path = wishlistFirebase.swift; sourceTree = "<group>"; };
		264F96B12990B17C00573A24 /* wishlistService.swift */ = {isa = PBXFileReference; lastKnownFileType = sourcecode.swift; path = wishlistService.swift; sourceTree = "<group>"; };
		266A5A5429A2C80900F2935D /* CalendarData.swift */ = {isa = PBXFileReference; lastKnownFileType = sourcecode.swift; path = CalendarData.swift; sourceTree = "<group>"; };
		266A5A9B29A2D47500F2935D /* UserAccPageViewController.swift */ = {isa = PBXFileReference; lastKnownFileType = sourcecode.swift; path = UserAccPageViewController.swift; sourceTree = "<group>"; };
		266DE80829A719FF001E513D /* SignUpVC.swift */ = {isa = PBXFileReference; lastKnownFileType = sourcecode.swift; path = SignUpVC.swift; sourceTree = "<group>"; };
		2690BBAD28F0D73500C74A1F /* TableViewController.swift */ = {isa = PBXFileReference; lastKnownFileType = sourcecode.swift; path = TableViewController.swift; sourceTree = "<group>"; };
		26AD9F7728EA5CFF0017E297 /* EventsListController.swift */ = {isa = PBXFileReference; lastKnownFileType = sourcecode.swift; path = EventsListController.swift; sourceTree = "<group>"; };
		26E7ED1529B03BC3008719A3 /* AdminDetailVC.swift */ = {isa = PBXFileReference; lastKnownFileType = sourcecode.swift; path = AdminDetailVC.swift; sourceTree = "<group>"; };
		26F717FA291888B4009B2BE1 /* Calendar.swift */ = {isa = PBXFileReference; lastKnownFileType = sourcecode.swift; path = Calendar.swift; sourceTree = "<group>"; };
		26F717FC29188A0A009B2BE1 /* EventsDetailListViewController.swift */ = {isa = PBXFileReference; lastKnownFileType = sourcecode.swift; path = EventsDetailListViewController.swift; sourceTree = "<group>"; };
		F50DA3942908B89800342EDA /* PayemntController.swift */ = {isa = PBXFileReference; lastKnownFileType = sourcecode.swift; path = PayemntController.swift; sourceTree = "<group>"; };
		F5186A5928E8F4F800806FAB /* LoginController.swift */ = {isa = PBXFileReference; lastKnownFileType = sourcecode.swift; path = LoginController.swift; sourceTree = "<group>"; };
		F55E4AB129A5836F007E5850 /* HomeVC.swift */ = {isa = PBXFileReference; lastKnownFileType = sourcecode.swift; path = HomeVC.swift; sourceTree = "<group>"; };
		F55E4AB329A58393007E5850 /* EventsTVC.swift */ = {isa = PBXFileReference; lastKnownFileType = sourcecode.swift; path = EventsTVC.swift; sourceTree = "<group>"; };
		F55E4AB529A583A6007E5850 /* WishlistTVC.swift */ = {isa = PBXFileReference; lastKnownFileType = sourcecode.swift; path = WishlistTVC.swift; sourceTree = "<group>"; };
		F55E4AB729A583C0007E5850 /* LoginVC.swift */ = {isa = PBXFileReference; lastKnownFileType = sourcecode.swift; path = LoginVC.swift; sourceTree = "<group>"; };
		F55E4ABA29A58909007E5850 /* Day One at Northwest.mp4 */ = {isa = PBXFileReference; lastKnownFileType = file; path = "Day One at Northwest.mp4"; sourceTree = "<group>"; };
		F55E4ABC29A5AD31007E5850 /* EventsDetailVC.swift */ = {isa = PBXFileReference; lastKnownFileType = sourcecode.swift; path = EventsDetailVC.swift; sourceTree = "<group>"; };
		F55E4ABE29A5C7EB007E5850 /* PaymentVC.swift */ = {isa = PBXFileReference; lastKnownFileType = sourcecode.swift; path = PaymentVC.swift; sourceTree = "<group>"; };
		F55E4AC029A5CAAF007E5850 /* UserProfileVC.swift */ = {isa = PBXFileReference; lastKnownFileType = sourcecode.swift; path = UserProfileVC.swift; sourceTree = "<group>"; };
		F55E4AC729A66F4B007E5850 /* 31737-savings-dollar.json */ = {isa = PBXFileReference; fileEncoding = 4; lastKnownFileType = text.json; path = "31737-savings-dollar.json"; sourceTree = "<group>"; };
		F5A77A4928E79076001307B3 /* EventsUp.app */ = {isa = PBXFileReference; explicitFileType = wrapper.application; includeInIndex = 0; path = EventsUp.app; sourceTree = BUILT_PRODUCTS_DIR; };
		F5A77A4C28E79076001307B3 /* AppDelegate.swift */ = {isa = PBXFileReference; lastKnownFileType = sourcecode.swift; path = AppDelegate.swift; sourceTree = "<group>"; };
		F5A77A4E28E79076001307B3 /* SceneDelegate.swift */ = {isa = PBXFileReference; lastKnownFileType = sourcecode.swift; path = SceneDelegate.swift; sourceTree = "<group>"; };
		F5A77A5028E79076001307B3 /* ViewController.swift */ = {isa = PBXFileReference; lastKnownFileType = sourcecode.swift; path = ViewController.swift; sourceTree = "<group>"; };
		F5A77A5328E79076001307B3 /* Base */ = {isa = PBXFileReference; lastKnownFileType = file.storyboard; name = Base; path = Base.lproj/Main.storyboard; sourceTree = "<group>"; };
		F5A77A5528E79078001307B3 /* Assets.xcassets */ = {isa = PBXFileReference; lastKnownFileType = folder.assetcatalog; path = Assets.xcassets; sourceTree = "<group>"; };
		F5A77A5828E79078001307B3 /* Base */ = {isa = PBXFileReference; lastKnownFileType = file.storyboard; name = Base; path = Base.lproj/LaunchScreen.storyboard; sourceTree = "<group>"; };
		F5A77A5A28E79078001307B3 /* Info.plist */ = {isa = PBXFileReference; lastKnownFileType = text.plist.xml; path = Info.plist; sourceTree = "<group>"; };
		F5C9F57129AD9E7600D5CB1A /* AdminVC.swift */ = {isa = PBXFileReference; lastKnownFileType = sourcecode.swift; path = AdminVC.swift; sourceTree = "<group>"; };
		F5C9F57329ADAEC600D5CB1A /* login.json */ = {isa = PBXFileReference; fileEncoding = 4; lastKnownFileType = text.json; path = login.json; sourceTree = "<group>"; };
		F5D59E4129D6B6F90015BA9A /* PhotoCollectionViewCell.swift */ = {isa = PBXFileReference; lastKnownFileType = sourcecode.swift; path = PhotoCollectionViewCell.swift; sourceTree = "<group>"; };
		F5D59E4429D6C4D70015BA9A /* crumple-03-40747.mp3 */ = {isa = PBXFileReference; lastKnownFileType = audio.mp3; path = "crumple-03-40747.mp3"; sourceTree = "<group>"; };
		F5D59E4629D6CA4E0015BA9A /* metallic-door-shut-98740.mp3 */ = {isa = PBXFileReference; lastKnownFileType = audio.mp3; path = "metallic-door-shut-98740.mp3"; sourceTree = "<group>"; };
		F5F3AE1429CD188C005FD102 /* 104759-login.json */ = {isa = PBXFileReference; fileEncoding = 4; lastKnownFileType = text.json; path = "104759-login.json"; sourceTree = "<group>"; };
		F5F3AE1629CD1E4C005FD102 /* 104368-thank-you.json */ = {isa = PBXFileReference; fileEncoding = 4; lastKnownFileType = text.json; path = "104368-thank-you.json"; sourceTree = "<group>"; };
/* End PBXFileReference section */

/* Begin PBXFrameworksBuildPhase section */
		F5A77A4628E79076001307B3 /* Frameworks */ = {
			isa = PBXFrameworksBuildPhase;
			buildActionMask = 2147483647;
			files = (
				26E7ED4329B987FE008719A3 /* FirebaseMessaging in Frameworks */,
				F66ECD68290CC10800D89F73 /* MySQLDriver in Frameworks */,
				26E7ED3529B987FE008719A3 /* FirebaseFirestoreSwift in Frameworks */,
				26E7ED1F29B987FE008719A3 /* FirebaseAnalyticsWithoutAdIdSupport in Frameworks */,
				26E7ED3729B987FE008719A3 /* FirebaseFunctions in Frameworks */,
				F55E4ACB29A66FF8007E5850 /* Lottie in Frameworks */,
				26E7ED1929B987FE008719A3 /* FirebaseAnalytics in Frameworks */,
				26E7ED2529B987FE008719A3 /* FirebaseAuth in Frameworks */,
				26E7ED2F29B987FE008719A3 /* FirebaseDynamicLinks in Frameworks */,
				26E7ED2929B987FE008719A3 /* FirebaseCrashlytics in Frameworks */,
				26E7ED4129B987FE008719A3 /* FirebaseMLModelDownloader in Frameworks */,
				26E7ED2D29B987FE008719A3 /* FirebaseDatabaseSwift in Frameworks */,
				26E7ED3129B987FE008719A3 /* FirebaseFirestore in Frameworks */,
				26E7ED3F29B987FE008719A3 /* FirebaseInstallations in Frameworks */,
				26E7ED3929B987FE008719A3 /* FirebaseFunctionsCombine-Community in Frameworks */,
				26E7ED3329B987FE008719A3 /* FirebaseFirestoreCombine-Community in Frameworks */,
				26E7ED2B29B987FE008719A3 /* FirebaseDatabase in Frameworks */,
				26E7ED4529B987FE008719A3 /* FirebasePerformance in Frameworks */,
				26E7ED2129B987FE008719A3 /* FirebaseAppCheck in Frameworks */,
				26E7ED1B29B987FE008719A3 /* FirebaseAnalyticsOnDeviceConversion in Frameworks */,
				26E7ED3D29B987FE008719A3 /* FirebaseInAppMessagingSwift-Beta in Frameworks */,
				26E7ED4929B987FE008719A3 /* FirebaseRemoteConfigSwift in Frameworks */,
				26E7ED1D29B987FE008719A3 /* FirebaseAnalyticsSwift in Frameworks */,
				26E7ED2329B987FE008719A3 /* FirebaseAppDistribution-Beta in Frameworks */,
				26E7ED4729B987FE008719A3 /* FirebaseRemoteConfig in Frameworks */,
				26E7ED4B29B987FE008719A3 /* FirebaseStorage in Frameworks */,
				26E7ED2729B987FE008719A3 /* FirebaseAuthCombine-Community in Frameworks */,
				26E7ED4D29B987FE008719A3 /* FirebaseStorageCombine-Community in Frameworks */,
				26E7ED3B29B987FE008719A3 /* FirebaseInAppMessaging-Beta in Frameworks */,
			);
			runOnlyForDeploymentPostprocessing = 0;
		};
/* End PBXFrameworksBuildPhase section */

/* Begin PBXGroup section */
		F55E4AB029A58335007E5850 /* New Group */ = {
			isa = PBXGroup;
			children = (
				F5D59E4329D6C4410015BA9A /* Sounds */,
				F55E4AB129A5836F007E5850 /* HomeVC.swift */,
				F55E4AB329A58393007E5850 /* EventsTVC.swift */,
				F55E4AB529A583A6007E5850 /* WishlistTVC.swift */,
				F55E4AB729A583C0007E5850 /* LoginVC.swift */,
				F5F3AE1629CD1E4C005FD102 /* 104368-thank-you.json */,
				F55E4ABC29A5AD31007E5850 /* EventsDetailVC.swift */,
				F55E4ABE29A5C7EB007E5850 /* PaymentVC.swift */,
				F55E4AC729A66F4B007E5850 /* 31737-savings-dollar.json */,
				F5F3AE1429CD188C005FD102 /* 104759-login.json */,
				F5C9F57329ADAEC600D5CB1A /* login.json */,
				F55E4AC029A5CAAF007E5850 /* UserProfileVC.swift */,
				266DE80829A719FF001E513D /* SignUpVC.swift */,
				F5C9F57129AD9E7600D5CB1A /* AdminVC.swift */,
				26E7ED1529B03BC3008719A3 /* AdminDetailVC.swift */,
				F5D59E4129D6B6F90015BA9A /* PhotoCollectionViewCell.swift */,
			);
			name = "New Group";
			sourceTree = "<group>";
		};
		F5A77A4028E79076001307B3 = {
			isa = PBXGroup;
			children = (
				264F96B12990B17C00573A24 /* wishlistService.swift */,
				F5A77A4B28E79076001307B3 /* EventsUp */,
				F5A77A4A28E79076001307B3 /* Products */,
			);
			sourceTree = "<group>";
		};
		F5A77A4A28E79076001307B3 /* Products */ = {
			isa = PBXGroup;
			children = (
				F5A77A4928E79076001307B3 /* EventsUp.app */,
			);
			name = Products;
			sourceTree = "<group>";
		};
		F5A77A4B28E79076001307B3 /* EventsUp */ = {
			isa = PBXGroup;
			children = (
				F55E4AB029A58335007E5850 /* New Group */,
				F5A77A4C28E79076001307B3 /* AppDelegate.swift */,
				F5A77A4E28E79076001307B3 /* SceneDelegate.swift */,
				F5A77A5028E79076001307B3 /* ViewController.swift */,
				26AD9F7728EA5CFF0017E297 /* EventsListController.swift */,
				263E36F929A349490023794B /* CalendarEventDetailDesViewController.swift */,
				F5A77A5228E79076001307B3 /* Main.storyboard */,
				F5A77A5528E79078001307B3 /* Assets.xcassets */,
				F55E4ABA29A58909007E5850 /* Day One at Northwest.mp4 */,
				2630EE98297F868300D69900 /* GoogleService-Info.plist */,
				F5A77A5728E79078001307B3 /* LaunchScreen.storyboard */,
				F5A77A5A28E79078001307B3 /* Info.plist */,
				F5186A5928E8F4F800806FAB /* LoginController.swift */,
				2690BBAD28F0D73500C74A1F /* TableViewController.swift */,
				260E922228F4D5E60020B79F /* signupController.swift */,
				F50DA3942908B89800342EDA /* PayemntController.swift */,
				26F717FA291888B4009B2BE1 /* Calendar.swift */,
				26F717FC29188A0A009B2BE1 /* EventsDetailListViewController.swift */,
				263791CE2925264900B2A9E5 /* tesViewController.swift */,
				26247E2729881A44001BCE1E /* wishListControllerViewController.swift */,
				264F965E298A0F0D00573A24 /* WishList.swift */,
				264F9660298A10B200573A24 /* DataManager.swift */,
				264F9662298A15EE00573A24 /* WishListView.swift */,
				264F9664298AB69800573A24 /* UserList.swift */,
				264F96AF2990B0B400573A24 /* wishlistFirebase.swift */,
				266A5A5429A2C80900F2935D /* CalendarData.swift */,
				266A5A9B29A2D47500F2935D /* UserAccPageViewController.swift */,
			);
			path = EventsUp;
			sourceTree = "<group>";
		};
		F5D59E4329D6C4410015BA9A /* Sounds */ = {
			isa = PBXGroup;
			children = (
				F5D59E4429D6C4D70015BA9A /* crumple-03-40747.mp3 */,
				F5D59E4629D6CA4E0015BA9A /* metallic-door-shut-98740.mp3 */,
			);
			name = Sounds;
			sourceTree = "<group>";
		};
/* End PBXGroup section */

/* Begin PBXNativeTarget section */
		F5A77A4828E79076001307B3 /* EventsUp */ = {
			isa = PBXNativeTarget;
			buildConfigurationList = F5A77A5D28E79078001307B3 /* Build configuration list for PBXNativeTarget "EventsUp" */;
			buildPhases = (
				F5A77A4528E79076001307B3 /* Sources */,
				F5A77A4628E79076001307B3 /* Frameworks */,
				F5A77A4728E79076001307B3 /* Resources */,
			);
			buildRules = (
			);
			dependencies = (
			);
			name = EventsUp;
			packageProductDependencies = (
				F66ECD67290CC10800D89F73 /* MySQLDriver */,
				F55E4ACA29A66FF8007E5850 /* Lottie */,
				26E7ED1829B987FE008719A3 /* FirebaseAnalytics */,
				26E7ED1A29B987FE008719A3 /* FirebaseAnalyticsOnDeviceConversion */,
				26E7ED1C29B987FE008719A3 /* FirebaseAnalyticsSwift */,
				26E7ED1E29B987FE008719A3 /* FirebaseAnalyticsWithoutAdIdSupport */,
				26E7ED2029B987FE008719A3 /* FirebaseAppCheck */,
				26E7ED2229B987FE008719A3 /* FirebaseAppDistribution-Beta */,
				26E7ED2429B987FE008719A3 /* FirebaseAuth */,
				26E7ED2629B987FE008719A3 /* FirebaseAuthCombine-Community */,
				26E7ED2829B987FE008719A3 /* FirebaseCrashlytics */,
				26E7ED2A29B987FE008719A3 /* FirebaseDatabase */,
				26E7ED2C29B987FE008719A3 /* FirebaseDatabaseSwift */,
				26E7ED2E29B987FE008719A3 /* FirebaseDynamicLinks */,
				26E7ED3029B987FE008719A3 /* FirebaseFirestore */,
				26E7ED3229B987FE008719A3 /* FirebaseFirestoreCombine-Community */,
				26E7ED3429B987FE008719A3 /* FirebaseFirestoreSwift */,
				26E7ED3629B987FE008719A3 /* FirebaseFunctions */,
				26E7ED3829B987FE008719A3 /* FirebaseFunctionsCombine-Community */,
				26E7ED3A29B987FE008719A3 /* FirebaseInAppMessaging-Beta */,
				26E7ED3C29B987FE008719A3 /* FirebaseInAppMessagingSwift-Beta */,
				26E7ED3E29B987FE008719A3 /* FirebaseInstallations */,
				26E7ED4029B987FE008719A3 /* FirebaseMLModelDownloader */,
				26E7ED4229B987FE008719A3 /* FirebaseMessaging */,
				26E7ED4429B987FE008719A3 /* FirebasePerformance */,
				26E7ED4629B987FE008719A3 /* FirebaseRemoteConfig */,
				26E7ED4829B987FE008719A3 /* FirebaseRemoteConfigSwift */,
				26E7ED4A29B987FE008719A3 /* FirebaseStorage */,
				26E7ED4C29B987FE008719A3 /* FirebaseStorageCombine-Community */,
			);
			productName = EventsUp;
			productReference = F5A77A4928E79076001307B3 /* EventsUp.app */;
			productType = "com.apple.product-type.application";
		};
/* End PBXNativeTarget section */

/* Begin PBXProject section */
		F5A77A4128E79076001307B3 /* Project object */ = {
			isa = PBXProject;
			attributes = {
				BuildIndependentTargetsInParallel = 1;
				LastSwiftUpdateCheck = 1340;
				LastUpgradeCheck = 1340;
				TargetAttributes = {
					F5A77A4828E79076001307B3 = {
						CreatedOnToolsVersion = 13.4.1;
					};
				};
			};
			buildConfigurationList = F5A77A4428E79076001307B3 /* Build configuration list for PBXProject "EventsUp" */;
			compatibilityVersion = "Xcode 13.0";
			developmentRegion = en;
			hasScannedForEncodings = 0;
			knownRegions = (
				en,
				Base,
			);
			mainGroup = F5A77A4028E79076001307B3;
			packageReferences = (
				F66ECD66290CC10800D89F73 /* XCRemoteSwiftPackageReference "MySqlSwiftNative" */,
				F55E4AC929A66FF8007E5850 /* XCRemoteSwiftPackageReference "lottie-ios" */,
				26E7ED1729B987FE008719A3 /* XCRemoteSwiftPackageReference "firebase-ios-sdk" */,
			);
			productRefGroup = F5A77A4A28E79076001307B3 /* Products */;
			projectDirPath = "";
			projectRoot = "";
			targets = (
				F5A77A4828E79076001307B3 /* EventsUp */,
			);
		};
/* End PBXProject section */

/* Begin PBXResourcesBuildPhase section */
		F5A77A4728E79076001307B3 /* Resources */ = {
			isa = PBXResourcesBuildPhase;
			buildActionMask = 2147483647;
			files = (
				2630EE99297F868300D69900 /* GoogleService-Info.plist in Resources */,
				F5F3AE1529CD188C005FD102 /* 104759-login.json in Resources */,
				F5D59E4729D6CA4E0015BA9A /* metallic-door-shut-98740.mp3 in Resources */,
				F5A77A5928E79078001307B3 /* LaunchScreen.storyboard in Resources */,
				F55E4AB929A58870007E5850 /* Assets.xcassets in Resources */,
				F55E4AC829A66F4B007E5850 /* 31737-savings-dollar.json in Resources */,
				F5F3AE1729CD1E4C005FD102 /* 104368-thank-you.json in Resources */,
				F5A77A5428E79076001307B3 /* Main.storyboard in Resources */,
				F5D59E4529D6C4D70015BA9A /* crumple-03-40747.mp3 in Resources */,
				F5C9F57429ADAEC600D5CB1A /* login.json in Resources */,
				F55E4ABB29A58923007E5850 /* Day One at Northwest.mp4 in Resources */,
			);
			runOnlyForDeploymentPostprocessing = 0;
		};
/* End PBXResourcesBuildPhase section */

/* Begin PBXSourcesBuildPhase section */
		F5A77A4528E79076001307B3 /* Sources */ = {
			isa = PBXSourcesBuildPhase;
			buildActionMask = 2147483647;
			files = (
				26F717FD29188A0A009B2BE1 /* EventsDetailListViewController.swift in Sources */,
				264F9665298AB69800573A24 /* UserList.swift in Sources */,
				264F9661298A10B200573A24 /* DataManager.swift in Sources */,
				263791CF2925264900B2A9E5 /* tesViewController.swift in Sources */,
				266A5A9C29A2D47500F2935D /* UserAccPageViewController.swift in Sources */,
				F5A77A5128E79076001307B3 /* ViewController.swift in Sources */,
				263E36FA29A349490023794B /* CalendarEventDetailDesViewController.swift in Sources */,
				2690BBAE28F0D73500C74A1F /* TableViewController.swift in Sources */,
				264F96B02990B0B400573A24 /* wishlistFirebase.swift in Sources */,
				F5D59E4229D6B6F90015BA9A /* PhotoCollectionViewCell.swift in Sources */,
				26E7ED1629B03BC3008719A3 /* AdminDetailVC.swift in Sources */,
				F55E4AB829A583C0007E5850 /* LoginVC.swift in Sources */,
				F5C9F57229AD9E7600D5CB1A /* AdminVC.swift in Sources */,
				F55E4AB229A5836F007E5850 /* HomeVC.swift in Sources */,
				260E922328F4D5E60020B79F /* signupController.swift in Sources */,
				26AD9F7828EA5CFF0017E297 /* EventsListController.swift in Sources */,
				F55E4ABF29A5C7EB007E5850 /* PaymentVC.swift in Sources */,
				264F965F298A0F0D00573A24 /* WishList.swift in Sources */,
				F55E4ABD29A5AD31007E5850 /* EventsDetailVC.swift in Sources */,
				26247E2829881A44001BCE1E /* wishListControllerViewController.swift in Sources */,
				F50DA3952908B89800342EDA /* PayemntController.swift in Sources */,
				F5186A5A28E8F4F800806FAB /* LoginController.swift in Sources */,
				F55E4AB629A583A6007E5850 /* WishlistTVC.swift in Sources */,
				F5A77A4D28E79076001307B3 /* AppDelegate.swift in Sources */,
				266DE80929A719FF001E513D /* SignUpVC.swift in Sources */,
				264F96B22990B17C00573A24 /* wishlistService.swift in Sources */,
				F5A77A4F28E79076001307B3 /* SceneDelegate.swift in Sources */,
				F55E4AC129A5CAAF007E5850 /* UserProfileVC.swift in Sources */,
				266A5A5529A2C80900F2935D /* CalendarData.swift in Sources */,
				26F717FB291888B4009B2BE1 /* Calendar.swift in Sources */,
				264F9663298A15EE00573A24 /* WishListView.swift in Sources */,
				F55E4AB429A58393007E5850 /* EventsTVC.swift in Sources */,
			);
			runOnlyForDeploymentPostprocessing = 0;
		};
/* End PBXSourcesBuildPhase section */

/* Begin PBXVariantGroup section */
		F5A77A5228E79076001307B3 /* Main.storyboard */ = {
			isa = PBXVariantGroup;
			children = (
				F5A77A5328E79076001307B3 /* Base */,
			);
			name = Main.storyboard;
			sourceTree = "<group>";
		};
		F5A77A5728E79078001307B3 /* LaunchScreen.storyboard */ = {
			isa = PBXVariantGroup;
			children = (
				F5A77A5828E79078001307B3 /* Base */,
			);
			name = LaunchScreen.storyboard;
			sourceTree = "<group>";
		};
/* End PBXVariantGroup section */

/* Begin XCBuildConfiguration section */
		F5A77A5B28E79078001307B3 /* Debug */ = {
			isa = XCBuildConfiguration;
			buildSettings = {
				ALWAYS_SEARCH_USER_PATHS = NO;
				CLANG_ANALYZER_NONNULL = YES;
				CLANG_ANALYZER_NUMBER_OBJECT_CONVERSION = YES_AGGRESSIVE;
				CLANG_CXX_LANGUAGE_STANDARD = "gnu++17";
				CLANG_ENABLE_MODULES = YES;
				CLANG_ENABLE_OBJC_ARC = YES;
				CLANG_ENABLE_OBJC_WEAK = YES;
				CLANG_WARN_BLOCK_CAPTURE_AUTORELEASING = YES;
				CLANG_WARN_BOOL_CONVERSION = YES;
				CLANG_WARN_COMMA = YES;
				CLANG_WARN_CONSTANT_CONVERSION = YES;
				CLANG_WARN_DEPRECATED_OBJC_IMPLEMENTATIONS = YES;
				CLANG_WARN_DIRECT_OBJC_ISA_USAGE = YES_ERROR;
				CLANG_WARN_DOCUMENTATION_COMMENTS = YES;
				CLANG_WARN_EMPTY_BODY = YES;
				CLANG_WARN_ENUM_CONVERSION = YES;
				CLANG_WARN_INFINITE_RECURSION = YES;
				CLANG_WARN_INT_CONVERSION = YES;
				CLANG_WARN_NON_LITERAL_NULL_CONVERSION = YES;
				CLANG_WARN_OBJC_IMPLICIT_RETAIN_SELF = YES;
				CLANG_WARN_OBJC_LITERAL_CONVERSION = YES;
				CLANG_WARN_OBJC_ROOT_CLASS = YES_ERROR;
				CLANG_WARN_QUOTED_INCLUDE_IN_FRAMEWORK_HEADER = YES;
				CLANG_WARN_RANGE_LOOP_ANALYSIS = YES;
				CLANG_WARN_STRICT_PROTOTYPES = YES;
				CLANG_WARN_SUSPICIOUS_MOVE = YES;
				CLANG_WARN_UNGUARDED_AVAILABILITY = YES_AGGRESSIVE;
				CLANG_WARN_UNREACHABLE_CODE = YES;
				CLANG_WARN__DUPLICATE_METHOD_MATCH = YES;
				COPY_PHASE_STRIP = NO;
				DEBUG_INFORMATION_FORMAT = dwarf;
				ENABLE_STRICT_OBJC_MSGSEND = YES;
				ENABLE_TESTABILITY = YES;
				GCC_C_LANGUAGE_STANDARD = gnu11;
				GCC_DYNAMIC_NO_PIC = NO;
				GCC_NO_COMMON_BLOCKS = YES;
				GCC_OPTIMIZATION_LEVEL = 0;
				GCC_PREPROCESSOR_DEFINITIONS = (
					"DEBUG=1",
					"$(inherited)",
				);
				GCC_WARN_64_TO_32_BIT_CONVERSION = YES;
				GCC_WARN_ABOUT_RETURN_TYPE = YES_ERROR;
				GCC_WARN_UNDECLARED_SELECTOR = YES;
				GCC_WARN_UNINITIALIZED_AUTOS = YES_AGGRESSIVE;
				GCC_WARN_UNUSED_FUNCTION = YES;
				GCC_WARN_UNUSED_VARIABLE = YES;
				IPHONEOS_DEPLOYMENT_TARGET = 15.5;
				MTL_ENABLE_DEBUG_INFO = INCLUDE_SOURCE;
				MTL_FAST_MATH = YES;
				ONLY_ACTIVE_ARCH = YES;
				SDKROOT = iphoneos;
				SWIFT_ACTIVE_COMPILATION_CONDITIONS = DEBUG;
				SWIFT_OPTIMIZATION_LEVEL = "-Onone";
			};
			name = Debug;
		};
		F5A77A5C28E79078001307B3 /* Release */ = {
			isa = XCBuildConfiguration;
			buildSettings = {
				ALWAYS_SEARCH_USER_PATHS = NO;
				CLANG_ANALYZER_NONNULL = YES;
				CLANG_ANALYZER_NUMBER_OBJECT_CONVERSION = YES_AGGRESSIVE;
				CLANG_CXX_LANGUAGE_STANDARD = "gnu++17";
				CLANG_ENABLE_MODULES = YES;
				CLANG_ENABLE_OBJC_ARC = YES;
				CLANG_ENABLE_OBJC_WEAK = YES;
				CLANG_WARN_BLOCK_CAPTURE_AUTORELEASING = YES;
				CLANG_WARN_BOOL_CONVERSION = YES;
				CLANG_WARN_COMMA = YES;
				CLANG_WARN_CONSTANT_CONVERSION = YES;
				CLANG_WARN_DEPRECATED_OBJC_IMPLEMENTATIONS = YES;
				CLANG_WARN_DIRECT_OBJC_ISA_USAGE = YES_ERROR;
				CLANG_WARN_DOCUMENTATION_COMMENTS = YES;
				CLANG_WARN_EMPTY_BODY = YES;
				CLANG_WARN_ENUM_CONVERSION = YES;
				CLANG_WARN_INFINITE_RECURSION = YES;
				CLANG_WARN_INT_CONVERSION = YES;
				CLANG_WARN_NON_LITERAL_NULL_CONVERSION = YES;
				CLANG_WARN_OBJC_IMPLICIT_RETAIN_SELF = YES;
				CLANG_WARN_OBJC_LITERAL_CONVERSION = YES;
				CLANG_WARN_OBJC_ROOT_CLASS = YES_ERROR;
				CLANG_WARN_QUOTED_INCLUDE_IN_FRAMEWORK_HEADER = YES;
				CLANG_WARN_RANGE_LOOP_ANALYSIS = YES;
				CLANG_WARN_STRICT_PROTOTYPES = YES;
				CLANG_WARN_SUSPICIOUS_MOVE = YES;
				CLANG_WARN_UNGUARDED_AVAILABILITY = YES_AGGRESSIVE;
				CLANG_WARN_UNREACHABLE_CODE = YES;
				CLANG_WARN__DUPLICATE_METHOD_MATCH = YES;
				COPY_PHASE_STRIP = NO;
				DEBUG_INFORMATION_FORMAT = "dwarf-with-dsym";
				ENABLE_NS_ASSERTIONS = NO;
				ENABLE_STRICT_OBJC_MSGSEND = YES;
				GCC_C_LANGUAGE_STANDARD = gnu11;
				GCC_NO_COMMON_BLOCKS = YES;
				GCC_WARN_64_TO_32_BIT_CONVERSION = YES;
				GCC_WARN_ABOUT_RETURN_TYPE = YES_ERROR;
				GCC_WARN_UNDECLARED_SELECTOR = YES;
				GCC_WARN_UNINITIALIZED_AUTOS = YES_AGGRESSIVE;
				GCC_WARN_UNUSED_FUNCTION = YES;
				GCC_WARN_UNUSED_VARIABLE = YES;
				IPHONEOS_DEPLOYMENT_TARGET = 15.5;
				MTL_ENABLE_DEBUG_INFO = NO;
				MTL_FAST_MATH = YES;
				SDKROOT = iphoneos;
				SWIFT_COMPILATION_MODE = wholemodule;
				SWIFT_OPTIMIZATION_LEVEL = "-O";
				VALIDATE_PRODUCT = YES;
			};
			name = Release;
		};
		F5A77A5E28E79078001307B3 /* Debug */ = {
			isa = XCBuildConfiguration;
			buildSettings = {
				ASSETCATALOG_COMPILER_APPICON_NAME = AppIcon;
				ASSETCATALOG_COMPILER_GLOBAL_ACCENT_COLOR_NAME = AccentColor;
				CODE_SIGN_STYLE = Automatic;
				CURRENT_PROJECT_VERSION = 1;
				DEVELOPMENT_TEAM = KH386W69MX;
				GENERATE_INFOPLIST_FILE = YES;
				INFOPLIST_FILE = EventsUp/Info.plist;
				INFOPLIST_KEY_UIApplicationSupportsIndirectInputEvents = YES;
				INFOPLIST_KEY_UILaunchStoryboardName = LaunchScreen;
				INFOPLIST_KEY_UIMainStoryboardFile = Main;
				INFOPLIST_KEY_UISupportedInterfaceOrientations_iPad = "UIInterfaceOrientationPortrait UIInterfaceOrientationPortraitUpsideDown UIInterfaceOrientationLandscapeLeft UIInterfaceOrientationLandscapeRight";
				INFOPLIST_KEY_UISupportedInterfaceOrientations_iPhone = "UIInterfaceOrientationPortrait UIInterfaceOrientationLandscapeLeft UIInterfaceOrientationLandscapeRight";
				LD_RUNPATH_SEARCH_PATHS = (
					"$(inherited)",
					"@executable_path/Frameworks",
				);
				MARKETING_VERSION = 1.0;
				PRODUCT_BUNDLE_IDENTIFIER = edu.northwest.EventsUp;
				PRODUCT_NAME = "$(TARGET_NAME)";
				SWIFT_EMIT_LOC_STRINGS = YES;
				SWIFT_VERSION = 5.0;
				TARGETED_DEVICE_FAMILY = "1,2";
			};
			name = Debug;
		};
		F5A77A5F28E79078001307B3 /* Release */ = {
			isa = XCBuildConfiguration;
			buildSettings = {
				ASSETCATALOG_COMPILER_APPICON_NAME = AppIcon;
				ASSETCATALOG_COMPILER_GLOBAL_ACCENT_COLOR_NAME = AccentColor;
				CODE_SIGN_STYLE = Automatic;
				CURRENT_PROJECT_VERSION = 1;
				DEVELOPMENT_TEAM = KH386W69MX;
				GENERATE_INFOPLIST_FILE = YES;
				INFOPLIST_FILE = EventsUp/Info.plist;
				INFOPLIST_KEY_UIApplicationSupportsIndirectInputEvents = YES;
				INFOPLIST_KEY_UILaunchStoryboardName = LaunchScreen;
				INFOPLIST_KEY_UIMainStoryboardFile = Main;
				INFOPLIST_KEY_UISupportedInterfaceOrientations_iPad = "UIInterfaceOrientationPortrait UIInterfaceOrientationPortraitUpsideDown UIInterfaceOrientationLandscapeLeft UIInterfaceOrientationLandscapeRight";
				INFOPLIST_KEY_UISupportedInterfaceOrientations_iPhone = "UIInterfaceOrientationPortrait UIInterfaceOrientationLandscapeLeft UIInterfaceOrientationLandscapeRight";
				LD_RUNPATH_SEARCH_PATHS = (
					"$(inherited)",
					"@executable_path/Frameworks",
				);
				MARKETING_VERSION = 1.0;
				PRODUCT_BUNDLE_IDENTIFIER = edu.northwest.EventsUp;
				PRODUCT_NAME = "$(TARGET_NAME)";
				SWIFT_EMIT_LOC_STRINGS = YES;
				SWIFT_VERSION = 5.0;
				TARGETED_DEVICE_FAMILY = "1,2";
			};
			name = Release;
		};
/* End XCBuildConfiguration section */

/* Begin XCConfigurationList section */
		F5A77A4428E79076001307B3 /* Build configuration list for PBXProject "EventsUp" */ = {
			isa = XCConfigurationList;
			buildConfigurations = (
				F5A77A5B28E79078001307B3 /* Debug */,
				F5A77A5C28E79078001307B3 /* Release */,
			);
			defaultConfigurationIsVisible = 0;
			defaultConfigurationName = Release;
		};
		F5A77A5D28E79078001307B3 /* Build configuration list for PBXNativeTarget "EventsUp" */ = {
			isa = XCConfigurationList;
			buildConfigurations = (
				F5A77A5E28E79078001307B3 /* Debug */,
				F5A77A5F28E79078001307B3 /* Release */,
			);
			defaultConfigurationIsVisible = 0;
			defaultConfigurationName = Release;
		};
/* End XCConfigurationList section */

/* Begin XCRemoteSwiftPackageReference section */
		26E7ED1729B987FE008719A3 /* XCRemoteSwiftPackageReference "firebase-ios-sdk" */ = {
			isa = XCRemoteSwiftPackageReference;
			repositoryURL = "https://github.com/firebase/firebase-ios-sdk.git";
			requirement = {
				branch = master;
				kind = branch;
			};
		};
		F55E4AC929A66FF8007E5850 /* XCRemoteSwiftPackageReference "lottie-ios" */ = {
			isa = XCRemoteSwiftPackageReference;
			repositoryURL = "https://github.com/airbnb/lottie-ios.git";
			requirement = {
				kind = upToNextMajorVersion;
				minimumVersion = 4.0.0;
			};
		};
		F66ECD66290CC10800D89F73 /* XCRemoteSwiftPackageReference "MySqlSwiftNative" */ = {
			isa = XCRemoteSwiftPackageReference;
			repositoryURL = "https://github.com/mcorega/MySqlSwiftNative.git";
			requirement = {
				branch = master;
				kind = branch;
			};
		};
/* End XCRemoteSwiftPackageReference section */

/* Begin XCSwiftPackageProductDependency section */
		26E7ED1829B987FE008719A3 /* FirebaseAnalytics */ = {
			isa = XCSwiftPackageProductDependency;
			package = 26E7ED1729B987FE008719A3 /* XCRemoteSwiftPackageReference "firebase-ios-sdk" */;
			productName = FirebaseAnalytics;
		};
		26E7ED1A29B987FE008719A3 /* FirebaseAnalyticsOnDeviceConversion */ = {
			isa = XCSwiftPackageProductDependency;
			package = 26E7ED1729B987FE008719A3 /* XCRemoteSwiftPackageReference "firebase-ios-sdk" */;
			productName = FirebaseAnalyticsOnDeviceConversion;
		};
		26E7ED1C29B987FE008719A3 /* FirebaseAnalyticsSwift */ = {
			isa = XCSwiftPackageProductDependency;
			package = 26E7ED1729B987FE008719A3 /* XCRemoteSwiftPackageReference "firebase-ios-sdk" */;
			productName = FirebaseAnalyticsSwift;
		};
		26E7ED1E29B987FE008719A3 /* FirebaseAnalyticsWithoutAdIdSupport */ = {
			isa = XCSwiftPackageProductDependency;
			package = 26E7ED1729B987FE008719A3 /* XCRemoteSwiftPackageReference "firebase-ios-sdk" */;
			productName = FirebaseAnalyticsWithoutAdIdSupport;
		};
		26E7ED2029B987FE008719A3 /* FirebaseAppCheck */ = {
			isa = XCSwiftPackageProductDependency;
			package = 26E7ED1729B987FE008719A3 /* XCRemoteSwiftPackageReference "firebase-ios-sdk" */;
			productName = FirebaseAppCheck;
		};
		26E7ED2229B987FE008719A3 /* FirebaseAppDistribution-Beta */ = {
			isa = XCSwiftPackageProductDependency;
			package = 26E7ED1729B987FE008719A3 /* XCRemoteSwiftPackageReference "firebase-ios-sdk" */;
			productName = "FirebaseAppDistribution-Beta";
		};
		26E7ED2429B987FE008719A3 /* FirebaseAuth */ = {
			isa = XCSwiftPackageProductDependency;
			package = 26E7ED1729B987FE008719A3 /* XCRemoteSwiftPackageReference "firebase-ios-sdk" */;
			productName = FirebaseAuth;
		};
		26E7ED2629B987FE008719A3 /* FirebaseAuthCombine-Community */ = {
			isa = XCSwiftPackageProductDependency;
			package = 26E7ED1729B987FE008719A3 /* XCRemoteSwiftPackageReference "firebase-ios-sdk" */;
			productName = "FirebaseAuthCombine-Community";
		};
		26E7ED2829B987FE008719A3 /* FirebaseCrashlytics */ = {
			isa = XCSwiftPackageProductDependency;
			package = 26E7ED1729B987FE008719A3 /* XCRemoteSwiftPackageReference "firebase-ios-sdk" */;
			productName = FirebaseCrashlytics;
		};
		26E7ED2A29B987FE008719A3 /* FirebaseDatabase */ = {
			isa = XCSwiftPackageProductDependency;
			package = 26E7ED1729B987FE008719A3 /* XCRemoteSwiftPackageReference "firebase-ios-sdk" */;
			productName = FirebaseDatabase;
		};
		26E7ED2C29B987FE008719A3 /* FirebaseDatabaseSwift */ = {
			isa = XCSwiftPackageProductDependency;
			package = 26E7ED1729B987FE008719A3 /* XCRemoteSwiftPackageReference "firebase-ios-sdk" */;
			productName = FirebaseDatabaseSwift;
		};
		26E7ED2E29B987FE008719A3 /* FirebaseDynamicLinks */ = {
			isa = XCSwiftPackageProductDependency;
			package = 26E7ED1729B987FE008719A3 /* XCRemoteSwiftPackageReference "firebase-ios-sdk" */;
			productName = FirebaseDynamicLinks;
		};
		26E7ED3029B987FE008719A3 /* FirebaseFirestore */ = {
			isa = XCSwiftPackageProductDependency;
			package = 26E7ED1729B987FE008719A3 /* XCRemoteSwiftPackageReference "firebase-ios-sdk" */;
			productName = FirebaseFirestore;
		};
		26E7ED3229B987FE008719A3 /* FirebaseFirestoreCombine-Community */ = {
			isa = XCSwiftPackageProductDependency;
			package = 26E7ED1729B987FE008719A3 /* XCRemoteSwiftPackageReference "firebase-ios-sdk" */;
			productName = "FirebaseFirestoreCombine-Community";
		};
		26E7ED3429B987FE008719A3 /* FirebaseFirestoreSwift */ = {
			isa = XCSwiftPackageProductDependency;
			package = 26E7ED1729B987FE008719A3 /* XCRemoteSwiftPackageReference "firebase-ios-sdk" */;
			productName = FirebaseFirestoreSwift;
		};
		26E7ED3629B987FE008719A3 /* FirebaseFunctions */ = {
			isa = XCSwiftPackageProductDependency;
			package = 26E7ED1729B987FE008719A3 /* XCRemoteSwiftPackageReference "firebase-ios-sdk" */;
			productName = FirebaseFunctions;
		};
		26E7ED3829B987FE008719A3 /* FirebaseFunctionsCombine-Community */ = {
			isa = XCSwiftPackageProductDependency;
			package = 26E7ED1729B987FE008719A3 /* XCRemoteSwiftPackageReference "firebase-ios-sdk" */;
			productName = "FirebaseFunctionsCombine-Community";
		};
		26E7ED3A29B987FE008719A3 /* FirebaseInAppMessaging-Beta */ = {
			isa = XCSwiftPackageProductDependency;
			package = 26E7ED1729B987FE008719A3 /* XCRemoteSwiftPackageReference "firebase-ios-sdk" */;
			productName = "FirebaseInAppMessaging-Beta";
		};
		26E7ED3C29B987FE008719A3 /* FirebaseInAppMessagingSwift-Beta */ = {
			isa = XCSwiftPackageProductDependency;
			package = 26E7ED1729B987FE008719A3 /* XCRemoteSwiftPackageReference "firebase-ios-sdk" */;
			productName = "FirebaseInAppMessagingSwift-Beta";
		};
		26E7ED3E29B987FE008719A3 /* FirebaseInstallations */ = {
			isa = XCSwiftPackageProductDependency;
			package = 26E7ED1729B987FE008719A3 /* XCRemoteSwiftPackageReference "firebase-ios-sdk" */;
			productName = FirebaseInstallations;
		};
		26E7ED4029B987FE008719A3 /* FirebaseMLModelDownloader */ = {
			isa = XCSwiftPackageProductDependency;
			package = 26E7ED1729B987FE008719A3 /* XCRemoteSwiftPackageReference "firebase-ios-sdk" */;
			productName = FirebaseMLModelDownloader;
		};
		26E7ED4229B987FE008719A3 /* FirebaseMessaging */ = {
			isa = XCSwiftPackageProductDependency;
			package = 26E7ED1729B987FE008719A3 /* XCRemoteSwiftPackageReference "firebase-ios-sdk" */;
			productName = FirebaseMessaging;
		};
		26E7ED4429B987FE008719A3 /* FirebasePerformance */ = {
			isa = XCSwiftPackageProductDependency;
			package = 26E7ED1729B987FE008719A3 /* XCRemoteSwiftPackageReference "firebase-ios-sdk" */;
			productName = FirebasePerformance;
		};
		26E7ED4629B987FE008719A3 /* FirebaseRemoteConfig */ = {
			isa = XCSwiftPackageProductDependency;
			package = 26E7ED1729B987FE008719A3 /* XCRemoteSwiftPackageReference "firebase-ios-sdk" */;
			productName = FirebaseRemoteConfig;
		};
		26E7ED4829B987FE008719A3 /* FirebaseRemoteConfigSwift */ = {
			isa = XCSwiftPackageProductDependency;
			package = 26E7ED1729B987FE008719A3 /* XCRemoteSwiftPackageReference "firebase-ios-sdk" */;
			productName = FirebaseRemoteConfigSwift;
		};
		26E7ED4A29B987FE008719A3 /* FirebaseStorage */ = {
			isa = XCSwiftPackageProductDependency;
			package = 26E7ED1729B987FE008719A3 /* XCRemoteSwiftPackageReference "firebase-ios-sdk" */;
			productName = FirebaseStorage;
		};
		26E7ED4C29B987FE008719A3 /* FirebaseStorageCombine-Community */ = {
			isa = XCSwiftPackageProductDependency;
			package = 26E7ED1729B987FE008719A3 /* XCRemoteSwiftPackageReference "firebase-ios-sdk" */;
			productName = "FirebaseStorageCombine-Community";
		};
		F55E4ACA29A66FF8007E5850 /* Lottie */ = {
			isa = XCSwiftPackageProductDependency;
			package = F55E4AC929A66FF8007E5850 /* XCRemoteSwiftPackageReference "lottie-ios" */;
			productName = Lottie;
		};
		F66ECD67290CC10800D89F73 /* MySQLDriver */ = {
			isa = XCSwiftPackageProductDependency;
			package = F66ECD66290CC10800D89F73 /* XCRemoteSwiftPackageReference "MySqlSwiftNative" */;
			productName = MySQLDriver;
		};
/* End XCSwiftPackageProductDependency section */
	};
	rootObject = F5A77A4128E79076001307B3 /* Project object */;
}
